
Microsoft Visual Studio Solution File, Format Version 12.00
# Visual Studio Version 17
VisualStudioVersion = 17.8.34330.188
MinimumVisualStudioVersion = 10.0.40219.1
Project("{FAE04EC0-301F-11D3-BF4B-00C04F79EFBC}") = "Lab1_1", "Lab1_1.csproj", "{3C236635-BBC1-4124-B45E-6593EA4582B3}"
EndProject
Global
	GlobalSection(SolutionConfigurationPlatforms) = preSolution
		Debug|Any CPU = Debug|Any CPU
		Release|Any CPU = Release|Any CPU
	EndGlobalSection
	GlobalSection(ProjectConfigurationPlatforms) = postSolution
		{3C236635-BBC1-4124-B45E-6593EA4582B3}.Debug|Any CPU.ActiveCfg = Debug|Any CPU
		{3C236635-BBC1-4124-B45E-6593EA4582B3}.Debug|Any CPU.Build.0 = Debug|Any CPU
		{3C236635-BBC1-4124-B45E-6593EA4582B3}.Release|Any CPU.ActiveCfg = Release|Any CPU
		{3C236635-BBC1-4124-B45E-6593EA4582B3}.Release|Any CPU.Build.0 = Release|Any CPU
	EndGlobalSection
	GlobalSection(SolutionProperties) = preSolution
		HideSolutionNode = FALSE
	EndGlobalSection
	GlobalSection(ExtensibilityGlobals) = postSolution
		SolutionGuid = {94C253DE-E492-47E1-860A-129A43D11251}
	EndGlobalSection
EndGlobal
